
Microsoft Visual Studio Solution File, Format Version 12.00
# Visual Studio 15
VisualStudioVersion = 15.0.28307.168
MinimumVisualStudioVersion = 10.0.40219.1
Project("{FAE04EC0-301F-11D3-BF4B-00C04F79EFBC}") = "MonoGameWindows", "MonoGameWindows\MonoGameWindows.csproj", "{AAC4DA7B-C150-4F3B-90ED-D721CDCF2CBD}"
EndProject
Project("{D954291E-2A0B-460D-934E-DC6B0785DB48}") = "Engine", "Engine\Engine.shproj", "{30E81471-DC54-41AE-AF43-7DF20AF80966}"
EndProject
Project("{FAE04EC0-301F-11D3-BF4B-00C04F79EFBC}") = "WorldEdit", "WorldEdit\WorldEdit.csproj", "{0D90CDB7-6796-4B8E-898E-39D53A26D90D}"
EndProject
Global
	GlobalSection(SharedMSBuildProjectFiles) = preSolution
		Engine\Engine.projitems*{0d90cdb7-6796-4b8e-898e-39d53a26d90d}*SharedItemsImports = 4
		Engine\Engine.projitems*{30e81471-dc54-41ae-af43-7df20af80966}*SharedItemsImports = 13
		Engine\Engine.projitems*{aac4da7b-c150-4f3b-90ed-d721cdcf2cbd}*SharedItemsImports = 4
	EndGlobalSection
	GlobalSection(SolutionConfigurationPlatforms) = preSolution
		Debug|Any CPU = Debug|Any CPU
		Debug|x86 = Debug|x86
		Release|Any CPU = Release|Any CPU
		Release|x86 = Release|x86
	EndGlobalSection
	GlobalSection(ProjectConfigurationPlatforms) = postSolution
		{AAC4DA7B-C150-4F3B-90ED-D721CDCF2CBD}.Debug|Any CPU.ActiveCfg = Debug|x86
		{AAC4DA7B-C150-4F3B-90ED-D721CDCF2CBD}.Debug|x86.ActiveCfg = Debug|x86
		{AAC4DA7B-C150-4F3B-90ED-D721CDCF2CBD}.Debug|x86.Build.0 = Debug|x86
		{AAC4DA7B-C150-4F3B-90ED-D721CDCF2CBD}.Release|Any CPU.ActiveCfg = Release|x86
		{AAC4DA7B-C150-4F3B-90ED-D721CDCF2CBD}.Release|x86.ActiveCfg = Release|x86
		{AAC4DA7B-C150-4F3B-90ED-D721CDCF2CBD}.Release|x86.Build.0 = Release|x86
		{0D90CDB7-6796-4B8E-898E-39D53A26D90D}.Debug|Any CPU.ActiveCfg = Debug|Any CPU
		{0D90CDB7-6796-4B8E-898E-39D53A26D90D}.Debug|Any CPU.Build.0 = Debug|Any CPU
		{0D90CDB7-6796-4B8E-898E-39D53A26D90D}.Debug|x86.ActiveCfg = Debug|Any CPU
		{0D90CDB7-6796-4B8E-898E-39D53A26D90D}.Debug|x86.Build.0 = Debug|Any CPU
		{0D90CDB7-6796-4B8E-898E-39D53A26D90D}.Release|Any CPU.ActiveCfg = Release|Any CPU
		{0D90CDB7-6796-4B8E-898E-39D53A26D90D}.Release|Any CPU.Build.0 = Release|Any CPU
		{0D90CDB7-6796-4B8E-898E-39D53A26D90D}.Release|x86.ActiveCfg = Release|Any CPU
		{0D90CDB7-6796-4B8E-898E-39D53A26D90D}.Release|x86.Build.0 = Release|Any CPU
	EndGlobalSection
	GlobalSection(SolutionProperties) = preSolution
		HideSolutionNode = FALSE
	EndGlobalSection
	GlobalSection(ExtensibilityGlobals) = postSolution
		SolutionGuid = {FB94A542-D356-4070-8597-8864C4265D85}
	EndGlobalSection
EndGlobal
